
Microsoft Visual Studio Solution File, Format Version 12.00
# Visual Studio Version 16
VisualStudioVersion = 16.0.30204.135
MinimumVisualStudioVersion = 10.0.40219.1
Project("{FAE04EC0-301F-11D3-BF4B-00C04F79EFBC}") = "LibraryOOPAssignment", "LibraryOOPAssignment\LibraryOOPAssignment.csproj", "{E71CD94D-4B4E-4F2E-8C85-88C228E85D27}"
EndProject
Project("{FAE04EC0-301F-11D3-BF4B-00C04F79EFBC}") = "LibraryLogic", "LibraryLogic\LibraryLogic\LibraryLogic.csproj", "{D4514F50-EBAA-453C-97E9-07E79839D393}"
EndProject
Project("{FAE04EC0-301F-11D3-BF4B-00C04F79EFBC}") = "Entities", "Entities\Entities.csproj", "{C07C9DB0-EEB9-4781-B17C-6EA2BC23BDDE}"
EndProject
Project("{FAE04EC0-301F-11D3-BF4B-00C04F79EFBC}") = "DAL", "DAL\DAL.csproj", "{BD51FB09-0530-41F6-BC6C-FE1E126BB70E}"
EndProject
Project("{FAE04EC0-301F-11D3-BF4B-00C04F79EFBC}") = "Services", "Services\Services.csproj", "{07867C38-E51F-4567-AE63-848E0CD2FF4E}"
EndProject
Global
	GlobalSection(SolutionConfigurationPlatforms) = preSolution
		Debug|Any CPU = Debug|Any CPU
		Debug|ARM = Debug|ARM
		Debug|ARM64 = Debug|ARM64
		Debug|x64 = Debug|x64
		Debug|x86 = Debug|x86
		Release|Any CPU = Release|Any CPU
		Release|ARM = Release|ARM
		Release|ARM64 = Release|ARM64
		Release|x64 = Release|x64
		Release|x86 = Release|x86
	EndGlobalSection
	GlobalSection(ProjectConfigurationPlatforms) = postSolution
		{E71CD94D-4B4E-4F2E-8C85-88C228E85D27}.Debug|Any CPU.ActiveCfg = Debug|x86
		{E71CD94D-4B4E-4F2E-8C85-88C228E85D27}.Debug|ARM.ActiveCfg = Debug|ARM
		{E71CD94D-4B4E-4F2E-8C85-88C228E85D27}.Debug|ARM.Build.0 = Debug|ARM
		{E71CD94D-4B4E-4F2E-8C85-88C228E85D27}.Debug|ARM.Deploy.0 = Debug|ARM
		{E71CD94D-4B4E-4F2E-8C85-88C228E85D27}.Debug|ARM64.ActiveCfg = Debug|ARM64
		{E71CD94D-4B4E-4F2E-8C85-88C228E85D27}.Debug|ARM64.Build.0 = Debug|ARM64
		{E71CD94D-4B4E-4F2E-8C85-88C228E85D27}.Debug|ARM64.Deploy.0 = Debug|ARM64
		{E71CD94D-4B4E-4F2E-8C85-88C228E85D27}.Debug|x64.ActiveCfg = Debug|x64
		{E71CD94D-4B4E-4F2E-8C85-88C228E85D27}.Debug|x64.Build.0 = Debug|x64
		{E71CD94D-4B4E-4F2E-8C85-88C228E85D27}.Debug|x64.Deploy.0 = Debug|x64
		{E71CD94D-4B4E-4F2E-8C85-88C228E85D27}.Debug|x86.ActiveCfg = Debug|x86
		{E71CD94D-4B4E-4F2E-8C85-88C228E85D27}.Debug|x86.Build.0 = Debug|x86
		{E71CD94D-4B4E-4F2E-8C85-88C228E85D27}.Debug|x86.Deploy.0 = Debug|x86
		{E71CD94D-4B4E-4F2E-8C85-88C228E85D27}.Release|Any CPU.ActiveCfg = Release|x86
		{E71CD94D-4B4E-4F2E-8C85-88C228E85D27}.Release|ARM.ActiveCfg = Release|ARM
		{E71CD94D-4B4E-4F2E-8C85-88C228E85D27}.Release|ARM.Build.0 = Release|ARM
		{E71CD94D-4B4E-4F2E-8C85-88C228E85D27}.Release|ARM.Deploy.0 = Release|ARM
		{E71CD94D-4B4E-4F2E-8C85-88C228E85D27}.Release|ARM64.ActiveCfg = Release|ARM64
		{E71CD94D-4B4E-4F2E-8C85-88C228E85D27}.Release|ARM64.Build.0 = Release|ARM64
		{E71CD94D-4B4E-4F2E-8C85-88C228E85D27}.Release|ARM64.Deploy.0 = Release|ARM64
		{E71CD94D-4B4E-4F2E-8C85-88C228E85D27}.Release|x64.ActiveCfg = Release|x64
		{E71CD94D-4B4E-4F2E-8C85-88C228E85D27}.Release|x64.Build.0 = Release|x64
		{E71CD94D-4B4E-4F2E-8C85-88C228E85D27}.Release|x64.Deploy.0 = Release|x64
		{E71CD94D-4B4E-4F2E-8C85-88C228E85D27}.Release|x86.ActiveCfg = Release|x86
		{E71CD94D-4B4E-4F2E-8C85-88C228E85D27}.Release|x86.Build.0 = Release|x86
		{E71CD94D-4B4E-4F2E-8C85-88C228E85D27}.Release|x86.Deploy.0 = Release|x86
		{D4514F50-EBAA-453C-97E9-07E79839D393}.Debug|Any CPU.ActiveCfg = Debug|Any CPU
		{D4514F50-EBAA-453C-97E9-07E79839D393}.Debug|Any CPU.Build.0 = Debug|Any CPU
		{D4514F50-EBAA-453C-97E9-07E79839D393}.Debug|ARM.ActiveCfg = Debug|ARM
		{D4514F50-EBAA-453C-97E9-07E79839D393}.Debug|ARM.Build.0 = Debug|ARM
		{D4514F50-EBAA-453C-97E9-07E79839D393}.Debug|ARM64.ActiveCfg = Debug|ARM64
		{D4514F50-EBAA-453C-97E9-07E79839D393}.Debug|ARM64.Build.0 = Debug|ARM64
		{D4514F50-EBAA-453C-97E9-07E79839D393}.Debug|x64.ActiveCfg = Debug|x64
		{D4514F50-EBAA-453C-97E9-07E79839D393}.Debug|x64.Build.0 = Debug|x64
		{D4514F50-EBAA-453C-97E9-07E79839D393}.Debug|x86.ActiveCfg = Debug|x86
		{D4514F50-EBAA-453C-97E9-07E79839D393}.Debug|x86.Build.0 = Debug|x86
		{D4514F50-EBAA-453C-97E9-07E79839D393}.Release|Any CPU.ActiveCfg = Release|Any CPU
		{D4514F50-EBAA-453C-97E9-07E79839D393}.Release|Any CPU.Build.0 = Release|Any CPU
		{D4514F50-EBAA-453C-97E9-07E79839D393}.Release|ARM.ActiveCfg = Release|ARM
		{D4514F50-EBAA-453C-97E9-07E79839D393}.Release|ARM.Build.0 = Release|ARM
		{D4514F50-EBAA-453C-97E9-07E79839D393}.Release|ARM64.ActiveCfg = Release|ARM64
		{D4514F50-EBAA-453C-97E9-07E79839D393}.Release|ARM64.Build.0 = Release|ARM64
		{D4514F50-EBAA-453C-97E9-07E79839D393}.Release|x64.ActiveCfg = Release|x64
		{D4514F50-EBAA-453C-97E9-07E79839D393}.Release|x64.Build.0 = Release|x64
		{D4514F50-EBAA-453C-97E9-07E79839D393}.Release|x86.ActiveCfg = Release|x86
		{D4514F50-EBAA-453C-97E9-07E79839D393}.Release|x86.Build.0 = Release|x86
		{C07C9DB0-EEB9-4781-B17C-6EA2BC23BDDE}.Debug|Any CPU.ActiveCfg = Debug|Any CPU
		{C07C9DB0-EEB9-4781-B17C-6EA2BC23BDDE}.Debug|Any CPU.Build.0 = Debug|Any CPU
		{C07C9DB0-EEB9-4781-B17C-6EA2BC23BDDE}.Debug|ARM.ActiveCfg = Debug|ARM
		{C07C9DB0-EEB9-4781-B17C-6EA2BC23BDDE}.Debug|ARM.Build.0 = Debug|ARM
		{C07C9DB0-EEB9-4781-B17C-6EA2BC23BDDE}.Debug|ARM64.ActiveCfg = Debug|ARM64
		{C07C9DB0-EEB9-4781-B17C-6EA2BC23BDDE}.Debug|ARM64.Build.0 = Debug|ARM64
		{C07C9DB0-EEB9-4781-B17C-6EA2BC23BDDE}.Debug|x64.ActiveCfg = Debug|x64
		{C07C9DB0-EEB9-4781-B17C-6EA2BC23BDDE}.Debug|x64.Build.0 = Debug|x64
		{C07C9DB0-EEB9-4781-B17C-6EA2BC23BDDE}.Debug|x86.ActiveCfg = Debug|x86
		{C07C9DB0-EEB9-4781-B17C-6EA2BC23BDDE}.Debug|x86.Build.0 = Debug|x86
		{C07C9DB0-EEB9-4781-B17C-6EA2BC23BDDE}.Release|Any CPU.ActiveCfg = Release|Any CPU
		{C07C9DB0-EEB9-4781-B17C-6EA2BC23BDDE}.Release|Any CPU.Build.0 = Release|Any CPU
		{C07C9DB0-EEB9-4781-B17C-6EA2BC23BDDE}.Release|ARM.ActiveCfg = Release|ARM
		{C07C9DB0-EEB9-4781-B17C-6EA2BC23BDDE}.Release|ARM.Build.0 = Release|ARM
		{C07C9DB0-EEB9-4781-B17C-6EA2BC23BDDE}.Release|ARM64.ActiveCfg = Release|ARM64
		{C07C9DB0-EEB9-4781-B17C-6EA2BC23BDDE}.Release|ARM64.Build.0 = Release|ARM64
		{C07C9DB0-EEB9-4781-B17C-6EA2BC23BDDE}.Release|x64.ActiveCfg = Release|x64
		{C07C9DB0-EEB9-4781-B17C-6EA2BC23BDDE}.Release|x64.Build.0 = Release|x64
		{C07C9DB0-EEB9-4781-B17C-6EA2BC23BDDE}.Release|x86.ActiveCfg = Release|x86
		{C07C9DB0-EEB9-4781-B17C-6EA2BC23BDDE}.Release|x86.Build.0 = Release|x86
		{BD51FB09-0530-41F6-BC6C-FE1E126BB70E}.Debug|Any CPU.ActiveCfg = Debug|Any CPU
		{BD51FB09-0530-41F6-BC6C-FE1E126BB70E}.Debug|Any CPU.Build.0 = Debug|Any CPU
		{BD51FB09-0530-41F6-BC6C-FE1E126BB70E}.Debug|ARM.ActiveCfg = Debug|ARM
		{BD51FB09-0530-41F6-BC6C-FE1E126BB70E}.Debug|ARM.Build.0 = Debug|ARM
		{BD51FB09-0530-41F6-BC6C-FE1E126BB70E}.Debug|ARM64.ActiveCfg = Debug|ARM64
		{BD51FB09-0530-41F6-BC6C-FE1E126BB70E}.Debug|ARM64.Build.0 = Debug|ARM64
		{BD51FB09-0530-41F6-BC6C-FE1E126BB70E}.Debug|x64.ActiveCfg = Debug|x64
		{BD51FB09-0530-41F6-BC6C-FE1E126BB70E}.Debug|x64.Build.0 = Debug|x64
		{BD51FB09-0530-41F6-BC6C-FE1E126BB70E}.Debug|x86.ActiveCfg = Debug|x86
		{BD51FB09-0530-41F6-BC6C-FE1E126BB70E}.Debug|x86.Build.0 = Debug|x86
		{BD51FB09-0530-41F6-BC6C-FE1E126BB70E}.Release|Any CPU.ActiveCfg = Release|Any CPU
		{BD51FB09-0530-41F6-BC6C-FE1E126BB70E}.Release|Any CPU.Build.0 = Release|Any CPU
		{BD51FB09-0530-41F6-BC6C-FE1E126BB70E}.Release|ARM.ActiveCfg = Release|ARM
		{BD51FB09-0530-41F6-BC6C-FE1E126BB70E}.Release|ARM.Build.0 = Release|ARM
		{BD51FB09-0530-41F6-BC6C-FE1E126BB70E}.Release|ARM64.ActiveCfg = Release|ARM64
		{BD51FB09-0530-41F6-BC6C-FE1E126BB70E}.Release|ARM64.Build.0 = Release|ARM64
		{BD51FB09-0530-41F6-BC6C-FE1E126BB70E}.Release|x64.ActiveCfg = Release|x64
		{BD51FB09-0530-41F6-BC6C-FE1E126BB70E}.Release|x64.Build.0 = Release|x64
		{BD51FB09-0530-41F6-BC6C-FE1E126BB70E}.Release|x86.ActiveCfg = Release|x86
		{BD51FB09-0530-41F6-BC6C-FE1E126BB70E}.Release|x86.Build.0 = Release|x86
		{07867C38-E51F-4567-AE63-848E0CD2FF4E}.Debug|Any CPU.ActiveCfg = Debug|Any CPU
		{07867C38-E51F-4567-AE63-848E0CD2FF4E}.Debug|Any CPU.Build.0 = Debug|Any CPU
		{07867C38-E51F-4567-AE63-848E0CD2FF4E}.Debug|ARM.ActiveCfg = Debug|ARM
		{07867C38-E51F-4567-AE63-848E0CD2FF4E}.Debug|ARM.Build.0 = Debug|ARM
		{07867C38-E51F-4567-AE63-848E0CD2FF4E}.Debug|ARM64.ActiveCfg = Debug|ARM64
		{07867C38-E51F-4567-AE63-848E0CD2FF4E}.Debug|ARM64.Build.0 = Debug|ARM64
		{07867C38-E51F-4567-AE63-848E0CD2FF4E}.Debug|x64.ActiveCfg = Debug|x64
		{07867C38-E51F-4567-AE63-848E0CD2FF4E}.Debug|x64.Build.0 = Debug|x64
		{07867C38-E51F-4567-AE63-848E0CD2FF4E}.Debug|x86.ActiveCfg = Debug|x86
		{07867C38-E51F-4567-AE63-848E0CD2FF4E}.Debug|x86.Build.0 = Debug|x86
		{07867C38-E51F-4567-AE63-848E0CD2FF4E}.Release|Any CPU.ActiveCfg = Release|Any CPU
		{07867C38-E51F-4567-AE63-848E0CD2FF4E}.Release|Any CPU.Build.0 = Release|Any CPU
		{07867C38-E51F-4567-AE63-848E0CD2FF4E}.Release|ARM.ActiveCfg = Release|ARM
		{07867C38-E51F-4567-AE63-848E0CD2FF4E}.Release|ARM.Build.0 = Release|ARM
		{07867C38-E51F-4567-AE63-848E0CD2FF4E}.Release|ARM64.ActiveCfg = Release|ARM64
		{07867C38-E51F-4567-AE63-848E0CD2FF4E}.Release|ARM64.Build.0 = Release|ARM64
		{07867C38-E51F-4567-AE63-848E0CD2FF4E}.Release|x64.ActiveCfg = Release|x64
		{07867C38-E51F-4567-AE63-848E0CD2FF4E}.Release|x64.Build.0 = Release|x64
		{07867C38-E51F-4567-AE63-848E0CD2FF4E}.Release|x86.ActiveCfg = Release|x86
		{07867C38-E51F-4567-AE63-848E0CD2FF4E}.Release|x86.Build.0 = Release|x86
	EndGlobalSection
	GlobalSection(SolutionProperties) = preSolution
		HideSolutionNode = FALSE
	EndGlobalSection
	GlobalSection(ExtensibilityGlobals) = postSolution
		SolutionGuid = {7A3B77CF-7C4F-4383-8CDA-E831604A6CEE}
	EndGlobalSection
EndGlobal
